
Microsoft Visual Studio Solution File, Format Version 12.00
Project("{F2A71F9B-5D33-465A-A702-920D77279786}") = "PromountApp.Api", "PromountApp.Api\PromountApp.Api.fsproj", "{EC8DE6F0-2602-4BD9-B0A4-955711C7BD31}"
EndProject
Project("{F2A71F9B-5D33-465A-A702-920D77279786}") = "PromountApp.Api.Tests", "PromountApp.Api.Tests\PromountApp.Api.Tests.fsproj", "{C6EFB6E7-D8C7-4789-AD22-FE7E37AE42C3}"
EndProject
Global
	GlobalSection(SolutionConfigurationPlatforms) = preSolution
		Debug|Any CPU = Debug|Any CPU
		Release|Any CPU = Release|Any CPU
	EndGlobalSection
	GlobalSection(ProjectConfigurationPlatforms) = postSolution
		{EC8DE6F0-2602-4BD9-B0A4-955711C7BD31}.Debug|Any CPU.ActiveCfg = Debug|Any CPU
		{EC8DE6F0-2602-4BD9-B0A4-955711C7BD31}.Debug|Any CPU.Build.0 = Debug|Any CPU
		{EC8DE6F0-2602-4BD9-B0A4-955711C7BD31}.Release|Any CPU.ActiveCfg = Release|Any CPU
		{EC8DE6F0-2602-4BD9-B0A4-955711C7BD31}.Release|Any CPU.Build.0 = Release|Any CPU
		{C6EFB6E7-D8C7-4789-AD22-FE7E37AE42C3}.Debug|Any CPU.ActiveCfg = Debug|Any CPU
		{C6EFB6E7-D8C7-4789-AD22-FE7E37AE42C3}.Debug|Any CPU.Build.0 = Debug|Any CPU
		{C6EFB6E7-D8C7-4789-AD22-FE7E37AE42C3}.Release|Any CPU.ActiveCfg = Release|Any CPU
		{C6EFB6E7-D8C7-4789-AD22-FE7E37AE42C3}.Release|Any CPU.Build.0 = Release|Any CPU
	EndGlobalSection
EndGlobal
